
Microsoft Visual Studio Solution File, Format Version 12.00
# Visual Studio Version 17
VisualStudioVersion = 17.7.34031.279
MinimumVisualStudioVersion = 10.0.40219.1
Project("{9A19103F-16F7-4668-BE54-9A1E7A4F7556}") = "Order", "Order\Order.csproj", "{836F79C7-AD88-4C9E-BDB1-38486EF713A0}"
EndProject
Project("{FAE04EC0-301F-11D3-BF4B-00C04F79EFBC}") = "Register", "Register\Register.csproj", "{61CA5288-1AF1-4D51-B4EF-85A090F334F3}"
EndProject
Global
	GlobalSection(SolutionConfigurationPlatforms) = preSolution
		Debug|Any CPU = Debug|Any CPU
		Release|Any CPU = Release|Any CPU
	EndGlobalSection
	GlobalSection(ProjectConfigurationPlatforms) = postSolution
		{836F79C7-AD88-4C9E-BDB1-38486EF713A0}.Debug|Any CPU.ActiveCfg = Debug|Any CPU
		{836F79C7-AD88-4C9E-BDB1-38486EF713A0}.Debug|Any CPU.Build.0 = Debug|Any CPU
		{836F79C7-AD88-4C9E-BDB1-38486EF713A0}.Release|Any CPU.ActiveCfg = Release|Any CPU
		{836F79C7-AD88-4C9E-BDB1-38486EF713A0}.Release|Any CPU.Build.0 = Release|Any CPU
		{61CA5288-1AF1-4D51-B4EF-85A090F334F3}.Debug|Any CPU.ActiveCfg = Debug|Any CPU
		{61CA5288-1AF1-4D51-B4EF-85A090F334F3}.Debug|Any CPU.Build.0 = Debug|Any CPU
		{61CA5288-1AF1-4D51-B4EF-85A090F334F3}.Release|Any CPU.ActiveCfg = Release|Any CPU
		{61CA5288-1AF1-4D51-B4EF-85A090F334F3}.Release|Any CPU.Build.0 = Release|Any CPU
	EndGlobalSection
	GlobalSection(SolutionProperties) = preSolution
		HideSolutionNode = FALSE
	EndGlobalSection
	GlobalSection(ExtensibilityGlobals) = postSolution
		SolutionGuid = {8A4AA1A2-62FF-49FA-81E9-567B873D48FE}
	EndGlobalSection
EndGlobal
